// !$*UTF8*$!
{
	archiveVersion = 1;
	classes = {
	};
	objectVersion = 55;
	objects = {

/* Begin PBXBuildFile section */
		F80DF8E22905752300CA5FC0 /* NetworkService.swift in Sources */ = {isa = PBXBuildFile; fileRef = F80DF8E12905752300CA5FC0 /* NetworkService.swift */; };
		F80DF8E6290575C500CA5FC0 /* Model.swift in Sources */ = {isa = PBXBuildFile; fileRef = F80DF8E5290575C500CA5FC0 /* Model.swift */; };
		F80DF8E929057B1B00CA5FC0 /* Presenter.swift in Sources */ = {isa = PBXBuildFile; fileRef = F80DF8E829057B1B00CA5FC0 /* Presenter.swift */; };
		F80DF8EB29057B9100CA5FC0 /* Router.swift in Sources */ = {isa = PBXBuildFile; fileRef = F80DF8EA29057B9100CA5FC0 /* Router.swift */; };
		F80DF8ED29057BB900CA5FC0 /* ModuleBuilder.swift in Sources */ = {isa = PBXBuildFile; fileRef = F80DF8EC29057BB900CA5FC0 /* ModuleBuilder.swift */; };
		F80DF8EF2905834F00CA5FC0 /* ViewCell.swift in Sources */ = {isa = PBXBuildFile; fileRef = F80DF8EE2905834F00CA5FC0 /* ViewCell.swift */; };
		F84AAAEA28FF3DB000F2EDCA /* AppDelegate.swift in Sources */ = {isa = PBXBuildFile; fileRef = F84AAAE928FF3DB000F2EDCA /* AppDelegate.swift */; };
		F84AAAEC28FF3DB000F2EDCA /* SceneDelegate.swift in Sources */ = {isa = PBXBuildFile; fileRef = F84AAAEB28FF3DB000F2EDCA /* SceneDelegate.swift */; };
		F84AAAEE28FF3DB000F2EDCA /* ViewController.swift in Sources */ = {isa = PBXBuildFile; fileRef = F84AAAED28FF3DB000F2EDCA /* ViewController.swift */; };
		F84AAAF328FF3DB100F2EDCA /* Assets.xcassets in Resources */ = {isa = PBXBuildFile; fileRef = F84AAAF228FF3DB100F2EDCA /* Assets.xcassets */; };
		F84AAAF628FF3DB100F2EDCA /* LaunchScreen.storyboard in Resources */ = {isa = PBXBuildFile; fileRef = F84AAAF428FF3DB100F2EDCA /* LaunchScreen.storyboard */; };
/* End PBXBuildFile section */

/* Begin PBXFileReference section */
		F80DF8E12905752300CA5FC0 /* NetworkService.swift */ = {isa = PBXFileReference; lastKnownFileType = sourcecode.swift; path = NetworkService.swift; sourceTree = "<group>"; };
		F80DF8E5290575C500CA5FC0 /* Model.swift */ = {isa = PBXFileReference; lastKnownFileType = sourcecode.swift; path = Model.swift; sourceTree = "<group>"; };
		F80DF8E829057B1B00CA5FC0 /* Presenter.swift */ = {isa = PBXFileReference; lastKnownFileType = sourcecode.swift; path = Presenter.swift; sourceTree = "<group>"; };
		F80DF8EA29057B9100CA5FC0 /* Router.swift */ = {isa = PBXFileReference; lastKnownFileType = sourcecode.swift; path = Router.swift; sourceTree = "<group>"; };
		F80DF8EC29057BB900CA5FC0 /* ModuleBuilder.swift */ = {isa = PBXFileReference; lastKnownFileType = sourcecode.swift; path = ModuleBuilder.swift; sourceTree = "<group>"; };
		F80DF8EE2905834F00CA5FC0 /* ViewCell.swift */ = {isa = PBXFileReference; lastKnownFileType = sourcecode.swift; path = ViewCell.swift; sourceTree = "<group>"; };
		F84AAAE628FF3DB000F2EDCA /* AvitoTest.app */ = {isa = PBXFileReference; explicitFileType = wrapper.application; includeInIndex = 0; path = AvitoTest.app; sourceTree = BUILT_PRODUCTS_DIR; };
		F84AAAE928FF3DB000F2EDCA /* AppDelegate.swift */ = {isa = PBXFileReference; lastKnownFileType = sourcecode.swift; path = AppDelegate.swift; sourceTree = "<group>"; };
		F84AAAEB28FF3DB000F2EDCA /* SceneDelegate.swift */ = {isa = PBXFileReference; lastKnownFileType = sourcecode.swift; path = SceneDelegate.swift; sourceTree = "<group>"; };
		F84AAAED28FF3DB000F2EDCA /* ViewController.swift */ = {isa = PBXFileReference; lastKnownFileType = sourcecode.swift; path = ViewController.swift; sourceTree = "<group>"; };
		F84AAAF228FF3DB100F2EDCA /* Assets.xcassets */ = {isa = PBXFileReference; lastKnownFileType = folder.assetcatalog; path = Assets.xcassets; sourceTree = "<group>"; };
		F84AAAF528FF3DB100F2EDCA /* Base */ = {isa = PBXFileReference; lastKnownFileType = file.storyboard; name = Base; path = Base.lproj/LaunchScreen.storyboard; sourceTree = "<group>"; };
		F84AAAF728FF3DB100F2EDCA /* Info.plist */ = {isa = PBXFileReference; lastKnownFileType = text.plist.xml; path = Info.plist; sourceTree = "<group>"; };
/* End PBXFileReference section */

/* Begin PBXFrameworksBuildPhase section */
		F84AAAE328FF3DB000F2EDCA /* Frameworks */ = {
			isa = PBXFrameworksBuildPhase;
			buildActionMask = 2147483647;
			files = (
			);
			runOnlyForDeploymentPostprocessing = 0;
		};
/* End PBXFrameworksBuildPhase section */

/* Begin PBXGroup section */
		F80DF8DF2905750100CA5FC0 /* LayerService */ = {
			isa = PBXGroup;
			children = (
				F80DF8E02905751000CA5FC0 /* NetworkService */,
			);
			path = LayerService;
			sourceTree = "<group>";
		};
		F80DF8E02905751000CA5FC0 /* NetworkService */ = {
			isa = PBXGroup;
			children = (
				F80DF8E12905752300CA5FC0 /* NetworkService.swift */,
			);
			path = NetworkService;
			sourceTree = "<group>";
		};
		F80DF8E3290575B500CA5FC0 /* Model */ = {
			isa = PBXGroup;
			children = (
				F80DF8E5290575C500CA5FC0 /* Model.swift */,
			);
			path = Model;
			sourceTree = "<group>";
		};
		F80DF8E4290575BA00CA5FC0 /* View */ = {
			isa = PBXGroup;
			children = (
				F84AAAED28FF3DB000F2EDCA /* ViewController.swift */,
				F80DF8EE2905834F00CA5FC0 /* ViewCell.swift */,
			);
			path = View;
			sourceTree = "<group>";
		};
		F80DF8E729057B1300CA5FC0 /* Presenter */ = {
			isa = PBXGroup;
			children = (
				F80DF8E829057B1B00CA5FC0 /* Presenter.swift */,
			);
			path = Presenter;
			sourceTree = "<group>";
		};
		F80DF8F02905C81F00CA5FC0 /* Application */ = {
			isa = PBXGroup;
			children = (
				F84AAAEB28FF3DB000F2EDCA /* SceneDelegate.swift */,
				F84AAAE928FF3DB000F2EDCA /* AppDelegate.swift */,
			);
			path = Application;
			sourceTree = "<group>";
		};
		F84AAADD28FF3DB000F2EDCA = {
			isa = PBXGroup;
			children = (
				F84AAAE828FF3DB000F2EDCA /* AvitoTest */,
				F84AAAE728FF3DB000F2EDCA /* Products */,
			);
			sourceTree = "<group>";
		};
		F84AAAE728FF3DB000F2EDCA /* Products */ = {
			isa = PBXGroup;
			children = (
				F84AAAE628FF3DB000F2EDCA /* AvitoTest.app */,
			);
			name = Products;
			sourceTree = "<group>";
		};
		F84AAAE828FF3DB000F2EDCA /* AvitoTest */ = {
			isa = PBXGroup;
			children = (
				F80DF8F02905C81F00CA5FC0 /* Application */,
				F80DF8E729057B1300CA5FC0 /* Presenter */,
				F80DF8E4290575BA00CA5FC0 /* View */,
				F80DF8E3290575B500CA5FC0 /* Model */,
				F80DF8DF2905750100CA5FC0 /* LayerService */,
				F84AAAF228FF3DB100F2EDCA /* Assets.xcassets */,
				F84AAAF428FF3DB100F2EDCA /* LaunchScreen.storyboard */,
				F84AAAF728FF3DB100F2EDCA /* Info.plist */,
				F80DF8EA29057B9100CA5FC0 /* Router.swift */,
				F80DF8EC29057BB900CA5FC0 /* ModuleBuilder.swift */,
			);
			path = AvitoTest;
			sourceTree = "<group>";
		};
/* End PBXGroup section */

/* Begin PBXNativeTarget section */
		F84AAAE528FF3DB000F2EDCA /* AvitoTest */ = {
			isa = PBXNativeTarget;
			buildConfigurationList = F84AAAFA28FF3DB100F2EDCA /* Build configuration list for PBXNativeTarget "AvitoTest" */;
			buildPhases = (
				F84AAAE228FF3DB000F2EDCA /* Sources */,
				F84AAAE328FF3DB000F2EDCA /* Frameworks */,
				F84AAAE428FF3DB000F2EDCA /* Resources */,
			);
			buildRules = (
			);
			dependencies = (
			);
			name = AvitoTest;
			productName = AvitoTest;
			productReference = F84AAAE628FF3DB000F2EDCA /* AvitoTest.app */;
			productType = "com.apple.product-type.application";
		};
/* End PBXNativeTarget section */

/* Begin PBXProject section */
		F84AAADE28FF3DB000F2EDCA /* Project object */ = {
			isa = PBXProject;
			attributes = {
				BuildIndependentTargetsInParallel = 1;
				LastSwiftUpdateCheck = 1340;
				LastUpgradeCheck = 1340;
				TargetAttributes = {
					F84AAAE528FF3DB000F2EDCA = {
						CreatedOnToolsVersion = 13.4.1;
					};
				};
			};
			buildConfigurationList = F84AAAE128FF3DB000F2EDCA /* Build configuration list for PBXProject "AvitoTest" */;
			compatibilityVersion = "Xcode 13.0";
			developmentRegion = en;
			hasScannedForEncodings = 0;
			knownRegions = (
				en,
				Base,
			);
			mainGroup = F84AAADD28FF3DB000F2EDCA;
			productRefGroup = F84AAAE728FF3DB000F2EDCA /* Products */;
			projectDirPath = "";
			projectRoot = "";
			targets = (
				F84AAAE528FF3DB000F2EDCA /* AvitoTest */,
			);
		};
/* End PBXProject section */

/* Begin PBXResourcesBuildPhase section */
		F84AAAE428FF3DB000F2EDCA /* Resources */ = {
			isa = PBXResourcesBuildPhase;
			buildActionMask = 2147483647;
			files = (
				F84AAAF628FF3DB100F2EDCA /* LaunchScreen.storyboard in Resources */,
				F84AAAF328FF3DB100F2EDCA /* Assets.xcassets in Resources */,
			);
			runOnlyForDeploymentPostprocessing = 0;
		};
/* End PBXResourcesBuildPhase section */

/* Begin PBXSourcesBuildPhase section */
		F84AAAE228FF3DB000F2EDCA /* Sources */ = {
			isa = PBXSourcesBuildPhase;
			buildActionMask = 2147483647;
			files = (
				F80DF8E929057B1B00CA5FC0 /* Presenter.swift in Sources */,
				F80DF8E6290575C500CA5FC0 /* Model.swift in Sources */,
				F84AAAEE28FF3DB000F2EDCA /* ViewController.swift in Sources */,
				F80DF8ED29057BB900CA5FC0 /* ModuleBuilder.swift in Sources */,
				F80DF8EB29057B9100CA5FC0 /* Router.swift in Sources */,
				F84AAAEA28FF3DB000F2EDCA /* AppDelegate.swift in Sources */,
				F80DF8EF2905834F00CA5FC0 /* ViewCell.swift in Sources */,
				F80DF8E22905752300CA5FC0 /* NetworkService.swift in Sources */,
				F84AAAEC28FF3DB000F2EDCA /* SceneDelegate.swift in Sources */,
			);
			runOnlyForDeploymentPostprocessing = 0;
		};
/* End PBXSourcesBuildPhase section */

/* Begin PBXVariantGroup section */
		F84AAAF428FF3DB100F2EDCA /* LaunchScreen.storyboard */ = {
			isa = PBXVariantGroup;
			children = (
				F84AAAF528FF3DB100F2EDCA /* Base */,
			);
			name = LaunchScreen.storyboard;
			sourceTree = "<group>";
		};
/* End PBXVariantGroup section */

/* Begin XCBuildConfiguration section */
		F84AAAF828FF3DB100F2EDCA /* Debug */ = {
			isa = XCBuildConfiguration;
			buildSettings = {
				ALWAYS_SEARCH_USER_PATHS = NO;
				CLANG_ANALYZER_NONNULL = YES;
				CLANG_ANALYZER_NUMBER_OBJECT_CONVERSION = YES_AGGRESSIVE;
				CLANG_CXX_LANGUAGE_STANDARD = "gnu++17";
				CLANG_ENABLE_MODULES = YES;
				CLANG_ENABLE_OBJC_ARC = YES;
				CLANG_ENABLE_OBJC_WEAK = YES;
				CLANG_WARN_BLOCK_CAPTURE_AUTORELEASING = YES;
				CLANG_WARN_BOOL_CONVERSION = YES;
				CLANG_WARN_COMMA = YES;
				CLANG_WARN_CONSTANT_CONVERSION = YES;
				CLANG_WARN_DEPRECATED_OBJC_IMPLEMENTATIONS = YES;
				CLANG_WARN_DIRECT_OBJC_ISA_USAGE = YES_ERROR;
				CLANG_WARN_DOCUMENTATION_COMMENTS = YES;
				CLANG_WARN_EMPTY_BODY = YES;
				CLANG_WARN_ENUM_CONVERSION = YES;
				CLANG_WARN_INFINITE_RECURSION = YES;
				CLANG_WARN_INT_CONVERSION = YES;
				CLANG_WARN_NON_LITERAL_NULL_CONVERSION = YES;
				CLANG_WARN_OBJC_IMPLICIT_RETAIN_SELF = YES;
				CLANG_WARN_OBJC_LITERAL_CONVERSION = YES;
				CLANG_WARN_OBJC_ROOT_CLASS = YES_ERROR;
				CLANG_WARN_QUOTED_INCLUDE_IN_FRAMEWORK_HEADER = YES;
				CLANG_WARN_RANGE_LOOP_ANALYSIS = YES;
				CLANG_WARN_STRICT_PROTOTYPES = YES;
				CLANG_WARN_SUSPICIOUS_MOVE = YES;
				CLANG_WARN_UNGUARDED_AVAILABILITY = YES_AGGRESSIVE;
				CLANG_WARN_UNREACHABLE_CODE = YES;
				CLANG_WARN__DUPLICATE_METHOD_MATCH = YES;
				COPY_PHASE_STRIP = NO;
				DEBUG_INFORMATION_FORMAT = dwarf;
				ENABLE_STRICT_OBJC_MSGSEND = YES;
				ENABLE_TESTABILITY = YES;
				GCC_C_LANGUAGE_STANDARD = gnu11;
				GCC_DYNAMIC_NO_PIC = NO;
				GCC_NO_COMMON_BLOCKS = YES;
				GCC_OPTIMIZATION_LEVEL = 0;
				GCC_PREPROCESSOR_DEFINITIONS = (
					"DEBUG=1",
					"$(inherited)",
				);
				GCC_WARN_64_TO_32_BIT_CONVERSION = YES;
				GCC_WARN_ABOUT_RETURN_TYPE = YES_ERROR;
				GCC_WARN_UNDECLARED_SELECTOR = YES;
				GCC_WARN_UNINITIALIZED_AUTOS = YES_AGGRESSIVE;
				GCC_WARN_UNUSED_FUNCTION = YES;
				GCC_WARN_UNUSED_VARIABLE = YES;
				IPHONEOS_DEPLOYMENT_TARGET = 15.5;
				MTL_ENABLE_DEBUG_INFO = INCLUDE_SOURCE;
				MTL_FAST_MATH = YES;
				ONLY_ACTIVE_ARCH = YES;
				SDKROOT = iphoneos;
				SWIFT_ACTIVE_COMPILATION_CONDITIONS = DEBUG;
				SWIFT_OPTIMIZATION_LEVEL = "-Onone";
			};
			name = Debug;
		};
		F84AAAF928FF3DB100F2EDCA /* Release */ = {
			isa = XCBuildConfiguration;
			buildSettings = {
				ALWAYS_SEARCH_USER_PATHS = NO;
				CLANG_ANALYZER_NONNULL = YES;
				CLANG_ANALYZER_NUMBER_OBJECT_CONVERSION = YES_AGGRESSIVE;
				CLANG_CXX_LANGUAGE_STANDARD = "gnu++17";
				CLANG_ENABLE_MODULES = YES;
				CLANG_ENABLE_OBJC_ARC = YES;
				CLANG_ENABLE_OBJC_WEAK = YES;
				CLANG_WARN_BLOCK_CAPTURE_AUTORELEASING = YES;
				CLANG_WARN_BOOL_CONVERSION = YES;
				CLANG_WARN_COMMA = YES;
				CLANG_WARN_CONSTANT_CONVERSION = YES;
				CLANG_WARN_DEPRECATED_OBJC_IMPLEMENTATIONS = YES;
				CLANG_WARN_DIRECT_OBJC_ISA_USAGE = YES_ERROR;
				CLANG_WARN_DOCUMENTATION_COMMENTS = YES;
				CLANG_WARN_EMPTY_BODY = YES;
				CLANG_WARN_ENUM_CONVERSION = YES;
				CLANG_WARN_INFINITE_RECURSION = YES;
				CLANG_WARN_INT_CONVERSION = YES;
				CLANG_WARN_NON_LITERAL_NULL_CONVERSION = YES;
				CLANG_WARN_OBJC_IMPLICIT_RETAIN_SELF = YES;
				CLANG_WARN_OBJC_LITERAL_CONVERSION = YES;
				CLANG_WARN_OBJC_ROOT_CLASS = YES_ERROR;
				CLANG_WARN_QUOTED_INCLUDE_IN_FRAMEWORK_HEADER = YES;
				CLANG_WARN_RANGE_LOOP_ANALYSIS = YES;
				CLANG_WARN_STRICT_PROTOTYPES = YES;
				CLANG_WARN_SUSPICIOUS_MOVE = YES;
				CLANG_WARN_UNGUARDED_AVAILABILITY = YES_AGGRESSIVE;
				CLANG_WARN_UNREACHABLE_CODE = YES;
				CLANG_WARN__DUPLICATE_METHOD_MATCH = YES;
				COPY_PHASE_STRIP = NO;
				DEBUG_INFORMATION_FORMAT = "dwarf-with-dsym";
				ENABLE_NS_ASSERTIONS = NO;
				ENABLE_STRICT_OBJC_MSGSEND = YES;
				GCC_C_LANGUAGE_STANDARD = gnu11;
				GCC_NO_COMMON_BLOCKS = YES;
				GCC_WARN_64_TO_32_BIT_CONVERSION = YES;
				GCC_WARN_ABOUT_RETURN_TYPE = YES_ERROR;
				GCC_WARN_UNDECLARED_SELECTOR = YES;
				GCC_WARN_UNINITIALIZED_AUTOS = YES_AGGRESSIVE;
				GCC_WARN_UNUSED_FUNCTION = YES;
				GCC_WARN_UNUSED_VARIABLE = YES;
				IPHONEOS_DEPLOYMENT_TARGET = 15.5;
				MTL_ENABLE_DEBUG_INFO = NO;
				MTL_FAST_MATH = YES;
				SDKROOT = iphoneos;
				SWIFT_COMPILATION_MODE = wholemodule;
				SWIFT_OPTIMIZATION_LEVEL = "-O";
				VALIDATE_PRODUCT = YES;
			};
			name = Release;
		};
		F84AAAFB28FF3DB100F2EDCA /* Debug */ = {
			isa = XCBuildConfiguration;
			buildSettings = {
				ASSETCATALOG_COMPILER_APPICON_NAME = AppIcon;
				ASSETCATALOG_COMPILER_GLOBAL_ACCENT_COLOR_NAME = AccentColor;
				CODE_SIGN_STYLE = Automatic;
				CURRENT_PROJECT_VERSION = 1;
				DEVELOPMENT_TEAM = T43M2RW9QP;
				GENERATE_INFOPLIST_FILE = YES;
				INFOPLIST_FILE = AvitoTest/Info.plist;
				INFOPLIST_KEY_UIApplicationSupportsIndirectInputEvents = YES;
				INFOPLIST_KEY_UILaunchStoryboardName = LaunchScreen;
				INFOPLIST_KEY_UISupportedInterfaceOrientations = "UIInterfaceOrientationLandscapeLeft UIInterfaceOrientationLandscapeRight";
				INFOPLIST_KEY_UISupportedInterfaceOrientations_iPad = "UIInterfaceOrientationPortrait UIInterfaceOrientationPortraitUpsideDown UIInterfaceOrientationLandscapeLeft UIInterfaceOrientationLandscapeRight";
				INFOPLIST_KEY_UISupportedInterfaceOrientations_iPhone = "UIInterfaceOrientationPortrait UIInterfaceOrientationLandscapeLeft UIInterfaceOrientationLandscapeRight";
				IPHONEOS_DEPLOYMENT_TARGET = 13.0;
				LD_RUNPATH_SEARCH_PATHS = (
					"$(inherited)",
					"@executable_path/Frameworks",
				);
				MARKETING_VERSION = 1.0;
				PRODUCT_BUNDLE_IDENTIFIER = mganeeva.AvitoTest;
				PRODUCT_NAME = "$(TARGET_NAME)";
				SWIFT_EMIT_LOC_STRINGS = YES;
				SWIFT_VERSION = 5.0;
				TARGETED_DEVICE_FAMILY = "1,2";
			};
			name = Debug;
		};
		F84AAAFC28FF3DB100F2EDCA /* Release */ = {
			isa = XCBuildConfiguration;
			buildSettings = {
				ASSETCATALOG_COMPILER_APPICON_NAME = AppIcon;
				ASSETCATALOG_COMPILER_GLOBAL_ACCENT_COLOR_NAME = AccentColor;
				CODE_SIGN_STYLE = Automatic;
				CURRENT_PROJECT_VERSION = 1;
				DEVELOPMENT_TEAM = T43M2RW9QP;
				GENERATE_INFOPLIST_FILE = YES;
				INFOPLIST_FILE = AvitoTest/Info.plist;
				INFOPLIST_KEY_UIApplicationSupportsIndirectInputEvents = YES;
				INFOPLIST_KEY_UILaunchStoryboardName = LaunchScreen;
				INFOPLIST_KEY_UISupportedInterfaceOrientations = "UIInterfaceOrientationLandscapeLeft UIInterfaceOrientationLandscapeRight";
				INFOPLIST_KEY_UISupportedInterfaceOrientations_iPad = "UIInterfaceOrientationPortrait UIInterfaceOrientationPortraitUpsideDown UIInterfaceOrientationLandscapeLeft UIInterfaceOrientationLandscapeRight";
				INFOPLIST_KEY_UISupportedInterfaceOrientations_iPhone = "UIInterfaceOrientationPortrait UIInterfaceOrientationLandscapeLeft UIInterfaceOrientationLandscapeRight";
				IPHONEOS_DEPLOYMENT_TARGET = 13.0;
				LD_RUNPATH_SEARCH_PATHS = (
					"$(inherited)",
					"@executable_path/Frameworks",
				);
				MARKETING_VERSION = 1.0;
				PRODUCT_BUNDLE_IDENTIFIER = mganeeva.AvitoTest;
				PRODUCT_NAME = "$(TARGET_NAME)";
				SWIFT_EMIT_LOC_STRINGS = YES;
				SWIFT_VERSION = 5.0;
				TARGETED_DEVICE_FAMILY = "1,2";
			};
			name = Release;
		};
/* End XCBuildConfiguration section */

/* Begin XCConfigurationList section */
		F84AAAE128FF3DB000F2EDCA /* Build configuration list for PBXProject "AvitoTest" */ = {
			isa = XCConfigurationList;
			buildConfigurations = (
				F84AAAF828FF3DB100F2EDCA /* Debug */,
				F84AAAF928FF3DB100F2EDCA /* Release */,
			);
			defaultConfigurationIsVisible = 0;
			defaultConfigurationName = Release;
		};
		F84AAAFA28FF3DB100F2EDCA /* Build configuration list for PBXNativeTarget "AvitoTest" */ = {
			isa = XCConfigurationList;
			buildConfigurations = (
				F84AAAFB28FF3DB100F2EDCA /* Debug */,
				F84AAAFC28FF3DB100F2EDCA /* Release */,
			);
			defaultConfigurationIsVisible = 0;
			defaultConfigurationName = Release;
		};
/* End XCConfigurationList section */
	};
	rootObject = F84AAADE28FF3DB000F2EDCA /* Project object */;
}
